
Microsoft Visual Studio Solution File, Format Version 12.00
# Visual Studio Version 17
VisualStudioVersion = 17.5.002.0
MinimumVisualStudioVersion = 10.0.40219.1
Project("{9A19103F-16F7-4668-BE54-9A1E7A4F7556}") = "AzureFunctions", "AzureFunctions.csproj", "{7B696FDA-60EF-4DDA-A99F-3C54F7211220}"
EndProject
Global
	GlobalSection(SolutionConfigurationPlatforms) = preSolution
		Debug|Any CPU = Debug|Any CPU
		Release|Any CPU = Release|Any CPU
	EndGlobalSection
	GlobalSection(ProjectConfigurationPlatforms) = postSolution
		{7B696FDA-60EF-4DDA-A99F-3C54F7211220}.Debug|Any CPU.ActiveCfg = Debug|Any CPU
		{7B696FDA-60EF-4DDA-A99F-3C54F7211220}.Debug|Any CPU.Build.0 = Debug|Any CPU
		{7B696FDA-60EF-4DDA-A99F-3C54F7211220}.Release|Any CPU.ActiveCfg = Release|Any CPU
		{7B696FDA-60EF-4DDA-A99F-3C54F7211220}.Release|Any CPU.Build.0 = Release|Any CPU
	EndGlobalSection
	GlobalSection(SolutionProperties) = preSolution
		HideSolutionNode = FALSE
	EndGlobalSection
	GlobalSection(ExtensibilityGlobals) = postSolution
		SolutionGuid = {8CAAD94B-B99C-48D0-85F6-078E3AB45CE5}
	EndGlobalSection
EndGlobal
